
Microsoft Visual Studio Solution File, Format Version 12.00
# Visual Studio Version 17
VisualStudioVersion = 17.6.33723.286
MinimumVisualStudioVersion = 10.0.40219.1
Project("{FAE04EC0-301F-11D3-BF4B-00C04F79EFBC}") = "JesseCookies", "JesseCookies.csproj", "{D983D08F-94DB-42D4-9B1B-611E23E38A79}"
EndProject
Global
	GlobalSection(SolutionConfigurationPlatforms) = preSolution
		Debug|Any CPU = Debug|Any CPU
		Release|Any CPU = Release|Any CPU
	EndGlobalSection
	GlobalSection(ProjectConfigurationPlatforms) = postSolution
		{D983D08F-94DB-42D4-9B1B-611E23E38A79}.Debug|Any CPU.ActiveCfg = Debug|Any CPU
		{D983D08F-94DB-42D4-9B1B-611E23E38A79}.Debug|Any CPU.Build.0 = Debug|Any CPU
		{D983D08F-94DB-42D4-9B1B-611E23E38A79}.Release|Any CPU.ActiveCfg = Release|Any CPU
		{D983D08F-94DB-42D4-9B1B-611E23E38A79}.Release|Any CPU.Build.0 = Release|Any CPU
	EndGlobalSection
	GlobalSection(SolutionProperties) = preSolution
		HideSolutionNode = FALSE
	EndGlobalSection
	GlobalSection(ExtensibilityGlobals) = postSolution
		SolutionGuid = {76C09F82-7FA4-4D92-B888-F77097144AAA}
	EndGlobalSection
EndGlobal
